
Microsoft Visual Studio Solution File, Format Version 12.00
# Visual Studio Version 17
VisualStudioVersion = 17.8.34330.188
MinimumVisualStudioVersion = 10.0.40219.1
Project("{FAE04EC0-301F-11D3-BF4B-00C04F79EFBC}") = "PictureViewer", "PictureViewer.csproj", "{5927B88A-A3B5-4F4F-A191-3C6943E945A5}"
EndProject
Global
	GlobalSection(SolutionConfigurationPlatforms) = preSolution
		Debug|Any CPU = Debug|Any CPU
		Release|Any CPU = Release|Any CPU
	EndGlobalSection
	GlobalSection(ProjectConfigurationPlatforms) = postSolution
		{5927B88A-A3B5-4F4F-A191-3C6943E945A5}.Debug|Any CPU.ActiveCfg = Debug|Any CPU
		{5927B88A-A3B5-4F4F-A191-3C6943E945A5}.Debug|Any CPU.Build.0 = Debug|Any CPU
		{5927B88A-A3B5-4F4F-A191-3C6943E945A5}.Release|Any CPU.ActiveCfg = Release|Any CPU
		{5927B88A-A3B5-4F4F-A191-3C6943E945A5}.Release|Any CPU.Build.0 = Release|Any CPU
	EndGlobalSection
	GlobalSection(SolutionProperties) = preSolution
		HideSolutionNode = FALSE
	EndGlobalSection
	GlobalSection(ExtensibilityGlobals) = postSolution
		SolutionGuid = {DF56E335-92EC-4AAA-BBC8-B44A4FAF9FDC}
	EndGlobalSection
EndGlobal
